
Microsoft Visual Studio Solution File, Format Version 12.00
# Visual Studio Version 16
VisualStudioVersion = 16.0.29519.87
MinimumVisualStudioVersion = 10.0.40219.1
Project("{FAE04EC0-301F-11D3-BF4B-00C04F79EFBC}") = "PartyInvites", "PartyInvites.csproj", "{1252D423-FA97-48CA-960C-2F837555193D}"
EndProject
Global
	GlobalSection(SolutionConfigurationPlatforms) = preSolution
		Debug|Any CPU = Debug|Any CPU
		Release|Any CPU = Release|Any CPU
	EndGlobalSection
	GlobalSection(ProjectConfigurationPlatforms) = postSolution
		{1252D423-FA97-48CA-960C-2F837555193D}.Debug|Any CPU.ActiveCfg = Debug|Any CPU
		{1252D423-FA97-48CA-960C-2F837555193D}.Debug|Any CPU.Build.0 = Debug|Any CPU
		{1252D423-FA97-48CA-960C-2F837555193D}.Release|Any CPU.ActiveCfg = Release|Any CPU
		{1252D423-FA97-48CA-960C-2F837555193D}.Release|Any CPU.Build.0 = Release|Any CPU
	EndGlobalSection
	GlobalSection(SolutionProperties) = preSolution
		HideSolutionNode = FALSE
	EndGlobalSection
	GlobalSection(ExtensibilityGlobals) = postSolution
		SolutionGuid = {89B064C1-C83B-4DD9-9A13-D33DB0B0A7A7}
	EndGlobalSection
EndGlobal
